
Microsoft Visual Studio Solution File, Format Version 12.00
# Visual Studio Version 17
VisualStudioVersion = 17.8.34330.188
MinimumVisualStudioVersion = 10.0.40219.1
Project("{9A19103F-16F7-4668-BE54-9A1E7A4F7556}") = "TravelLess", "TravelLess\TravelLess.csproj", "{CD3BC24E-ED78-4E8C-A1B1-8FE6C21BDA7B}"
EndProject
Global
	GlobalSection(SolutionConfigurationPlatforms) = preSolution
		Debug|Any CPU = Debug|Any CPU
		Release|Any CPU = Release|Any CPU
	EndGlobalSection
	GlobalSection(ProjectConfigurationPlatforms) = postSolution
		{CD3BC24E-ED78-4E8C-A1B1-8FE6C21BDA7B}.Debug|Any CPU.ActiveCfg = Debug|Any CPU
		{CD3BC24E-ED78-4E8C-A1B1-8FE6C21BDA7B}.Debug|Any CPU.Build.0 = Debug|Any CPU
		{CD3BC24E-ED78-4E8C-A1B1-8FE6C21BDA7B}.Debug|Any CPU.Deploy.0 = Debug|Any CPU
		{CD3BC24E-ED78-4E8C-A1B1-8FE6C21BDA7B}.Release|Any CPU.ActiveCfg = Release|Any CPU
		{CD3BC24E-ED78-4E8C-A1B1-8FE6C21BDA7B}.Release|Any CPU.Build.0 = Release|Any CPU
		{CD3BC24E-ED78-4E8C-A1B1-8FE6C21BDA7B}.Release|Any CPU.Deploy.0 = Release|Any CPU
	EndGlobalSection
	GlobalSection(SolutionProperties) = preSolution
		HideSolutionNode = FALSE
	EndGlobalSection
	GlobalSection(ExtensibilityGlobals) = postSolution
		SolutionGuid = {61D9B4C6-023F-4F3D-B697-EDB2F87ECCAD}
	EndGlobalSection
EndGlobal
